
Microsoft Visual Studio Solution File, Format Version 12.00
# Visual Studio 2012
Project("{FAE04EC0-301F-11D3-BF4B-00C04F79EFBC}") = "Audire_MVC", "Audire_MVC\Audire_MVC.csproj", "{B3A94C4F-130E-43CE-BD98-041EEF261B75}"
EndProject
Project("{FAE04EC0-301F-11D3-BF4B-00C04F79EFBC}") = "Audire_POCO", "Audire_POCO\Audire_POCO.csproj", "{70F1F3C2-E7BF-4F2A-BA0B-DDBDADC0FCA2}"
EndProject
Project("{FAE04EC0-301F-11D3-BF4B-00C04F79EFBC}") = "Audire_EF", "Audire_EF\Audire_EF.csproj", "{A00AA14C-96E1-434E-841F-B28A8557A3D3}"
EndProject
Global
	GlobalSection(SolutionConfigurationPlatforms) = preSolution
		Debug|Any CPU = Debug|Any CPU
		Release|Any CPU = Release|Any CPU
	EndGlobalSection
	GlobalSection(ProjectConfigurationPlatforms) = postSolution
		{B3A94C4F-130E-43CE-BD98-041EEF261B75}.Debug|Any CPU.ActiveCfg = Debug|Any CPU
		{B3A94C4F-130E-43CE-BD98-041EEF261B75}.Debug|Any CPU.Build.0 = Debug|Any CPU
		{B3A94C4F-130E-43CE-BD98-041EEF261B75}.Release|Any CPU.ActiveCfg = Release|Any CPU
		{B3A94C4F-130E-43CE-BD98-041EEF261B75}.Release|Any CPU.Build.0 = Release|Any CPU
		{70F1F3C2-E7BF-4F2A-BA0B-DDBDADC0FCA2}.Debug|Any CPU.ActiveCfg = Debug|Any CPU
		{70F1F3C2-E7BF-4F2A-BA0B-DDBDADC0FCA2}.Debug|Any CPU.Build.0 = Debug|Any CPU
		{70F1F3C2-E7BF-4F2A-BA0B-DDBDADC0FCA2}.Release|Any CPU.ActiveCfg = Release|Any CPU
		{70F1F3C2-E7BF-4F2A-BA0B-DDBDADC0FCA2}.Release|Any CPU.Build.0 = Release|Any CPU
		{A00AA14C-96E1-434E-841F-B28A8557A3D3}.Debug|Any CPU.ActiveCfg = Debug|Any CPU
		{A00AA14C-96E1-434E-841F-B28A8557A3D3}.Debug|Any CPU.Build.0 = Debug|Any CPU
		{A00AA14C-96E1-434E-841F-B28A8557A3D3}.Release|Any CPU.ActiveCfg = Release|Any CPU
		{A00AA14C-96E1-434E-841F-B28A8557A3D3}.Release|Any CPU.Build.0 = Release|Any CPU
	EndGlobalSection
	GlobalSection(SolutionProperties) = preSolution
		HideSolutionNode = FALSE
	EndGlobalSection
EndGlobal
